
Microsoft Visual Studio Solution File, Format Version 12.00
# Visual Studio Version 17
VisualStudioVersion = 17.3.32901.215
MinimumVisualStudioVersion = 10.0.40219.1
Project("{FAE04EC0-301F-11D3-BF4B-00C04F79EFBC}") = "JWTDataBase", "JWTDataBase\JWTDataBase.csproj", "{AE852EBB-10A2-439D-8C6C-86E64A764CA4}"
EndProject
Global
	GlobalSection(SolutionConfigurationPlatforms) = preSolution
		Debug|Any CPU = Debug|Any CPU
		Release|Any CPU = Release|Any CPU
	EndGlobalSection
	GlobalSection(ProjectConfigurationPlatforms) = postSolution
		{AE852EBB-10A2-439D-8C6C-86E64A764CA4}.Debug|Any CPU.ActiveCfg = Debug|Any CPU
		{AE852EBB-10A2-439D-8C6C-86E64A764CA4}.Debug|Any CPU.Build.0 = Debug|Any CPU
		{AE852EBB-10A2-439D-8C6C-86E64A764CA4}.Release|Any CPU.ActiveCfg = Release|Any CPU
		{AE852EBB-10A2-439D-8C6C-86E64A764CA4}.Release|Any CPU.Build.0 = Release|Any CPU
	EndGlobalSection
	GlobalSection(SolutionProperties) = preSolution
		HideSolutionNode = FALSE
	EndGlobalSection
	GlobalSection(ExtensibilityGlobals) = postSolution
		SolutionGuid = {5B4DE684-5BF0-4C32-ADA9-B5BF0EAA50AD}
	EndGlobalSection
EndGlobal
